
Microsoft Visual Studio Solution File, Format Version 12.00
# Visual Studio Version 17
VisualStudioVersion = 17.1.32228.430
MinimumVisualStudioVersion = 10.0.40219.1
Project("{2150E333-8FDC-42A3-9474-1A3956D46DE8}") = "src", "src", "{E1F7CE29-8B5D-4F6C-91BF-308317918DCA}"
EndProject
Project("{2150E333-8FDC-42A3-9474-1A3956D46DE8}") = "Building Blocks", "Building Blocks", "{8DA921C3-ECCA-472F-931A-36AACA9F6AAE}"
EndProject
Project("{2150E333-8FDC-42A3-9474-1A3956D46DE8}") = "Services", "Services", "{A988E1E1-1CB9-49A2-A75F-0743DF1C6534}"
EndProject
Project("{2150E333-8FDC-42A3-9474-1A3956D46DE8}") = "Web", "Web", "{B1530C79-A632-456D-A830-1AFF992DC7CA}"
EndProject
Project("{2150E333-8FDC-42A3-9474-1A3956D46DE8}") = "Identidade", "Identidade", "{CDBE0EB8-60A8-4BE4-B786-91ECAC2059D4}"
EndProject
Project("{9A19103F-16F7-4668-BE54-9A1E7A4F7556}") = "SE.Identidade.API", "src\services\SE.Identidade.API\SE.Identidade.API.csproj", "{9E0E90D5-24E5-4E3F-83C0-029746B2DC5C}"
EndProject
Project("{2150E333-8FDC-42A3-9474-1A3956D46DE8}") = "MVC", "MVC", "{351D8905-8D81-4A62-A63D-1EAB304C2190}"
EndProject
Project("{9A19103F-16F7-4668-BE54-9A1E7A4F7556}") = "SE.WebApp.MVC", "src\web\SE.WebApp.MVC\SE.WebApp.MVC.csproj", "{5A447A4B-B848-4E3B-BF4F-18DE323E88B6}"
EndProject
Project("{2150E333-8FDC-42A3-9474-1A3956D46DE8}") = "Core", "Core", "{AFBC5F01-3944-4764-8BEE-760F20E3C353}"
EndProject
Project("{9A19103F-16F7-4668-BE54-9A1E7A4F7556}") = "SE.Core", "src\building blocks\SE.Core\SE.Core.csproj", "{E4A3F04D-D952-4014-A980-A11831FA9D83}"
EndProject
Project("{2150E333-8FDC-42A3-9474-1A3956D46DE8}") = "Carrinho", "Carrinho", "{20C19561-2DA0-442E-B08F-F583F21BE40F}"
EndProject
Project("{2150E333-8FDC-42A3-9474-1A3956D46DE8}") = "Catalogo", "Catalogo", "{EEB60665-3EEB-4603-A3C2-D331398D8622}"
EndProject
Project("{2150E333-8FDC-42A3-9474-1A3956D46DE8}") = "Cliente", "Cliente", "{7C647B39-0687-4B05-A5FF-53FD35DC1BF0}"
EndProject
Project("{2150E333-8FDC-42A3-9474-1A3956D46DE8}") = "Pagamento", "Pagamento", "{00CB0001-46AB-4F78-AD0A-CA6460CE6842}"
EndProject
Project("{2150E333-8FDC-42A3-9474-1A3956D46DE8}") = "Pedido", "Pedido", "{99394080-FED5-429B-88FE-312FB6EE3322}"
EndProject
Project("{9A19103F-16F7-4668-BE54-9A1E7A4F7556}") = "SE.Carrinho.API", "src\services\SE.Carrinho.API\SE.Carrinho.API.csproj", "{E8F078D9-0AA0-45BC-979E-DE1611533815}"
EndProject
Project("{9A19103F-16F7-4668-BE54-9A1E7A4F7556}") = "SE.Catalogo.API", "src\services\SE.Catalogo.API\SE.Catalogo.API.csproj", "{FA2AA2FE-DDAC-425D-A3FC-1100F0A8FCE1}"
EndProject
Project("{9A19103F-16F7-4668-BE54-9A1E7A4F7556}") = "SE.Cliente.API", "src\services\SE.Cliente.API\SE.Cliente.API.csproj", "{C0774EB9-A5F6-41AB-A0FB-C6122458D19E}"
EndProject
Project("{9A19103F-16F7-4668-BE54-9A1E7A4F7556}") = "SE.Pagamento.API", "src\services\SE.Pagamento.API\SE.Pagamento.API.csproj", "{D5E1E70C-99FB-4EC3-8DE0-47ABF94644BD}"
EndProject
Project("{9A19103F-16F7-4668-BE54-9A1E7A4F7556}") = "SE.Pedido.API", "src\services\SE.Pedido.API\SE.Pedido.API.csproj", "{1FC7D046-5919-40D8-98C8-054DB2E938BB}"
EndProject
Project("{9A19103F-16F7-4668-BE54-9A1E7A4F7556}") = "SE.WebApp.MvcTeste", "src\web\SE.WebApp.MvcTeste\SE.WebApp.MvcTeste.csproj", "{F19CF4A1-6CD9-4BAC-985C-F0634DE0ADFA}"
EndProject
Project("{2150E333-8FDC-42A3-9474-1A3956D46DE8}") = "Services", "Services", "{4E1FC326-740E-4F67-A953-63371E809C09}"
EndProject
Project("{FAE04EC0-301F-11D3-BF4B-00C04F79EFBC}") = "SE.WebApi.Core", "src\building blocks\SE.WebApi.Core\SE.WebApi.Core.csproj", "{CE6ADE27-6B67-4B8A-BE9A-846FC3F36A1B}"
EndProject
Global
	GlobalSection(SolutionConfigurationPlatforms) = preSolution
		Debug|Any CPU = Debug|Any CPU
		Release|Any CPU = Release|Any CPU
	EndGlobalSection
	GlobalSection(ProjectConfigurationPlatforms) = postSolution
		{9E0E90D5-24E5-4E3F-83C0-029746B2DC5C}.Debug|Any CPU.ActiveCfg = Debug|Any CPU
		{9E0E90D5-24E5-4E3F-83C0-029746B2DC5C}.Debug|Any CPU.Build.0 = Debug|Any CPU
		{9E0E90D5-24E5-4E3F-83C0-029746B2DC5C}.Release|Any CPU.ActiveCfg = Release|Any CPU
		{9E0E90D5-24E5-4E3F-83C0-029746B2DC5C}.Release|Any CPU.Build.0 = Release|Any CPU
		{5A447A4B-B848-4E3B-BF4F-18DE323E88B6}.Debug|Any CPU.ActiveCfg = Debug|Any CPU
		{5A447A4B-B848-4E3B-BF4F-18DE323E88B6}.Debug|Any CPU.Build.0 = Debug|Any CPU
		{5A447A4B-B848-4E3B-BF4F-18DE323E88B6}.Release|Any CPU.ActiveCfg = Release|Any CPU
		{5A447A4B-B848-4E3B-BF4F-18DE323E88B6}.Release|Any CPU.Build.0 = Release|Any CPU
		{E4A3F04D-D952-4014-A980-A11831FA9D83}.Debug|Any CPU.ActiveCfg = Debug|Any CPU
		{E4A3F04D-D952-4014-A980-A11831FA9D83}.Debug|Any CPU.Build.0 = Debug|Any CPU
		{E4A3F04D-D952-4014-A980-A11831FA9D83}.Release|Any CPU.ActiveCfg = Release|Any CPU
		{E4A3F04D-D952-4014-A980-A11831FA9D83}.Release|Any CPU.Build.0 = Release|Any CPU
		{E8F078D9-0AA0-45BC-979E-DE1611533815}.Debug|Any CPU.ActiveCfg = Debug|Any CPU
		{E8F078D9-0AA0-45BC-979E-DE1611533815}.Debug|Any CPU.Build.0 = Debug|Any CPU
		{E8F078D9-0AA0-45BC-979E-DE1611533815}.Release|Any CPU.ActiveCfg = Release|Any CPU
		{E8F078D9-0AA0-45BC-979E-DE1611533815}.Release|Any CPU.Build.0 = Release|Any CPU
		{FA2AA2FE-DDAC-425D-A3FC-1100F0A8FCE1}.Debug|Any CPU.ActiveCfg = Debug|Any CPU
		{FA2AA2FE-DDAC-425D-A3FC-1100F0A8FCE1}.Debug|Any CPU.Build.0 = Debug|Any CPU
		{FA2AA2FE-DDAC-425D-A3FC-1100F0A8FCE1}.Release|Any CPU.ActiveCfg = Release|Any CPU
		{FA2AA2FE-DDAC-425D-A3FC-1100F0A8FCE1}.Release|Any CPU.Build.0 = Release|Any CPU
		{C0774EB9-A5F6-41AB-A0FB-C6122458D19E}.Debug|Any CPU.ActiveCfg = Debug|Any CPU
		{C0774EB9-A5F6-41AB-A0FB-C6122458D19E}.Debug|Any CPU.Build.0 = Debug|Any CPU
		{C0774EB9-A5F6-41AB-A0FB-C6122458D19E}.Release|Any CPU.ActiveCfg = Release|Any CPU
		{C0774EB9-A5F6-41AB-A0FB-C6122458D19E}.Release|Any CPU.Build.0 = Release|Any CPU
		{D5E1E70C-99FB-4EC3-8DE0-47ABF94644BD}.Debug|Any CPU.ActiveCfg = Debug|Any CPU
		{D5E1E70C-99FB-4EC3-8DE0-47ABF94644BD}.Debug|Any CPU.Build.0 = Debug|Any CPU
		{D5E1E70C-99FB-4EC3-8DE0-47ABF94644BD}.Release|Any CPU.ActiveCfg = Release|Any CPU
		{D5E1E70C-99FB-4EC3-8DE0-47ABF94644BD}.Release|Any CPU.Build.0 = Release|Any CPU
		{1FC7D046-5919-40D8-98C8-054DB2E938BB}.Debug|Any CPU.ActiveCfg = Debug|Any CPU
		{1FC7D046-5919-40D8-98C8-054DB2E938BB}.Debug|Any CPU.Build.0 = Debug|Any CPU
		{1FC7D046-5919-40D8-98C8-054DB2E938BB}.Release|Any CPU.ActiveCfg = Release|Any CPU
		{1FC7D046-5919-40D8-98C8-054DB2E938BB}.Release|Any CPU.Build.0 = Release|Any CPU
		{F19CF4A1-6CD9-4BAC-985C-F0634DE0ADFA}.Debug|Any CPU.ActiveCfg = Debug|Any CPU
		{F19CF4A1-6CD9-4BAC-985C-F0634DE0ADFA}.Debug|Any CPU.Build.0 = Debug|Any CPU
		{F19CF4A1-6CD9-4BAC-985C-F0634DE0ADFA}.Release|Any CPU.ActiveCfg = Release|Any CPU
		{F19CF4A1-6CD9-4BAC-985C-F0634DE0ADFA}.Release|Any CPU.Build.0 = Release|Any CPU
		{CE6ADE27-6B67-4B8A-BE9A-846FC3F36A1B}.Debug|Any CPU.ActiveCfg = Debug|Any CPU
		{CE6ADE27-6B67-4B8A-BE9A-846FC3F36A1B}.Debug|Any CPU.Build.0 = Debug|Any CPU
		{CE6ADE27-6B67-4B8A-BE9A-846FC3F36A1B}.Release|Any CPU.ActiveCfg = Release|Any CPU
		{CE6ADE27-6B67-4B8A-BE9A-846FC3F36A1B}.Release|Any CPU.Build.0 = Release|Any CPU
	EndGlobalSection
	GlobalSection(SolutionProperties) = preSolution
		HideSolutionNode = FALSE
	EndGlobalSection
	GlobalSection(NestedProjects) = preSolution
		{8DA921C3-ECCA-472F-931A-36AACA9F6AAE} = {E1F7CE29-8B5D-4F6C-91BF-308317918DCA}
		{A988E1E1-1CB9-49A2-A75F-0743DF1C6534} = {E1F7CE29-8B5D-4F6C-91BF-308317918DCA}
		{B1530C79-A632-456D-A830-1AFF992DC7CA} = {E1F7CE29-8B5D-4F6C-91BF-308317918DCA}
		{CDBE0EB8-60A8-4BE4-B786-91ECAC2059D4} = {A988E1E1-1CB9-49A2-A75F-0743DF1C6534}
		{9E0E90D5-24E5-4E3F-83C0-029746B2DC5C} = {CDBE0EB8-60A8-4BE4-B786-91ECAC2059D4}
		{351D8905-8D81-4A62-A63D-1EAB304C2190} = {B1530C79-A632-456D-A830-1AFF992DC7CA}
		{5A447A4B-B848-4E3B-BF4F-18DE323E88B6} = {351D8905-8D81-4A62-A63D-1EAB304C2190}
		{AFBC5F01-3944-4764-8BEE-760F20E3C353} = {8DA921C3-ECCA-472F-931A-36AACA9F6AAE}
		{E4A3F04D-D952-4014-A980-A11831FA9D83} = {AFBC5F01-3944-4764-8BEE-760F20E3C353}
		{20C19561-2DA0-442E-B08F-F583F21BE40F} = {A988E1E1-1CB9-49A2-A75F-0743DF1C6534}
		{EEB60665-3EEB-4603-A3C2-D331398D8622} = {A988E1E1-1CB9-49A2-A75F-0743DF1C6534}
		{7C647B39-0687-4B05-A5FF-53FD35DC1BF0} = {A988E1E1-1CB9-49A2-A75F-0743DF1C6534}
		{00CB0001-46AB-4F78-AD0A-CA6460CE6842} = {A988E1E1-1CB9-49A2-A75F-0743DF1C6534}
		{99394080-FED5-429B-88FE-312FB6EE3322} = {A988E1E1-1CB9-49A2-A75F-0743DF1C6534}
		{E8F078D9-0AA0-45BC-979E-DE1611533815} = {20C19561-2DA0-442E-B08F-F583F21BE40F}
		{FA2AA2FE-DDAC-425D-A3FC-1100F0A8FCE1} = {EEB60665-3EEB-4603-A3C2-D331398D8622}
		{C0774EB9-A5F6-41AB-A0FB-C6122458D19E} = {7C647B39-0687-4B05-A5FF-53FD35DC1BF0}
		{D5E1E70C-99FB-4EC3-8DE0-47ABF94644BD} = {00CB0001-46AB-4F78-AD0A-CA6460CE6842}
		{1FC7D046-5919-40D8-98C8-054DB2E938BB} = {99394080-FED5-429B-88FE-312FB6EE3322}
		{F19CF4A1-6CD9-4BAC-985C-F0634DE0ADFA} = {351D8905-8D81-4A62-A63D-1EAB304C2190}
		{4E1FC326-740E-4F67-A953-63371E809C09} = {8DA921C3-ECCA-472F-931A-36AACA9F6AAE}
		{CE6ADE27-6B67-4B8A-BE9A-846FC3F36A1B} = {4E1FC326-740E-4F67-A953-63371E809C09}
	EndGlobalSection
	GlobalSection(ExtensibilityGlobals) = postSolution
		SolutionGuid = {911D4659-2F04-4F37-B80B-0D01B6A6ABE0}
	EndGlobalSection
EndGlobal
